<Solution>
  <Project Path="LocalSearchEngine.Core/LocalSearchEngine.Core.csproj" />
  <Project Path="LocalSearchEngine.Crawler/LocalSearchEngine.Crawler.csproj" />
  <Project Path="LocalSearchEngine.Tests/LocalSearchEngine.Tests.csproj" />
  <Project Path="LocalSearchEngine.Web/LocalSearchEngine.Web.csproj" />
</Solution>
